// !$*UTF8*$!
{
	archiveVersion = 1;
	classes = {
	};
	objectVersion = 46;
	objects = {

/* Begin PBXBuildFile section */
		4F47581C1F4573A8000550F9 /* AppDelegate.swift in Sources */ = {isa = PBXBuildFile; fileRef = 4F47581B1F4573A8000550F9 /* AppDelegate.swift */; };
		4F47581E1F4573A8000550F9 /* ViewController.swift in Sources */ = {isa = PBXBuildFile; fileRef = 4F47581D1F4573A8000550F9 /* ViewController.swift */; };
		4F4758211F4573A8000550F9 /* Main.storyboard in Resources */ = {isa = PBXBuildFile; fileRef = 4F47581F1F4573A8000550F9 /* Main.storyboard */; };
		4F4758231F4573A8000550F9 /* Assets.xcassets in Resources */ = {isa = PBXBuildFile; fileRef = 4F4758221F4573A8000550F9 /* Assets.xcassets */; };
		4F4758261F4573A8000550F9 /* LaunchScreen.storyboard in Resources */ = {isa = PBXBuildFile; fileRef = 4F4758241F4573A8000550F9 /* LaunchScreen.storyboard */; };
/* End PBXBuildFile section */

/* Begin PBXFileReference section */
		4F4758181F4573A8000550F9 /* TestFileDownload.app */ = {isa = PBXFileReference; explicitFileType = wrapper.application; includeInIndex = 0; path = TestFileDownload.app; sourceTree = BUILT_PRODUCTS_DIR; };
		4F47581B1F4573A8000550F9 /* AppDelegate.swift */ = {isa = PBXFileReference; lastKnownFileType = sourcecode.swift; path = AppDelegate.swift; sourceTree = "<group>"; };
		4F47581D1F4573A8000550F9 /* ViewController.swift */ = {isa = PBXFileReference; lastKnownFileType = sourcecode.swift; path = ViewController.swift; sourceTree = "<group>"; };
		4F4758201F4573A8000550F9 /* Base */ = {isa = PBXFileReference; lastKnownFileType = file.storyboard; name = Base; path = Base.lproj/Main.storyboard; sourceTree = "<group>"; };
		4F4758221F4573A8000550F9 /* Assets.xcassets */ = {isa = PBXFileReference; lastKnownFileType = folder.assetcatalog; path = Assets.xcassets; sourceTree = "<group>"; };
		4F4758251F4573A8000550F9 /* Base */ = {isa = PBXFileReference; lastKnownFileType = file.storyboard; name = Base; path = Base.lproj/LaunchScreen.storyboard; sourceTree = "<group>"; };
		4F4758271F4573A8000550F9 /* Info.plist */ = {isa = PBXFileReference; lastKnownFileType = text.plist.xml; path = Info.plist; sourceTree = "<group>"; };
/* End PBXFileReference section */

/* Begin PBXFrameworksBuildPhase section */
		4F4758151F4573A8000550F9 /* Frameworks */ = {
			isa = PBXFrameworksBuildPhase;
			buildActionMask = 2147483647;
			files = (
			);
			runOnlyForDeploymentPostprocessing = 0;
		};
/* End PBXFrameworksBuildPhase section */

/* Begin PBXGroup section */
		4F47580F1F4573A8000550F9 = {
			isa = PBXGroup;
			children = (
				4F47581A1F4573A8000550F9 /* TestFileDownload */,
				4F4758191F4573A8000550F9 /* Products */,
			);
			sourceTree = "<group>";
		};
		4F4758191F4573A8000550F9 /* Products */ = {
			isa = PBXGroup;
			children = (
				4F4758181F4573A8000550F9 /* TestFileDownload.app */,
			);
			name = Products;
			sourceTree = "<group>";
		};
		4F47581A1F4573A8000550F9 /* TestFileDownload */ = {
			isa = PBXGroup;
			children = (
				4F47581B1F4573A8000550F9 /* AppDelegate.swift */,
				4F47581D1F4573A8000550F9 /* ViewController.swift */,
				4F47581F1F4573A8000550F9 /* Main.storyboard */,
				4F4758221F4573A8000550F9 /* Assets.xcassets */,
				4F4758241F4573A8000550F9 /* LaunchScreen.storyboard */,
				4F4758271F4573A8000550F9 /* Info.plist */,
			);
			path = TestFileDownload;
			sourceTree = "<group>";
		};
/* End PBXGroup section */

/* Begin PBXNativeTarget section */
		4F4758171F4573A8000550F9 /* TestFileDownload */ = {
			isa = PBXNativeTarget;
			buildConfigurationList = 4F47582A1F4573A8000550F9 /* Build configuration list for PBXNativeTarget "TestFileDownload" */;
			buildPhases = (
				4F4758141F4573A8000550F9 /* Sources */,
				4F4758151F4573A8000550F9 /* Frameworks */,
				4F4758161F4573A8000550F9 /* Resources */,
			);
			buildRules = (
			);
			dependencies = (
			);
			name = TestFileDownload;
			productName = TestFileDownload;
			productReference = 4F4758181F4573A8000550F9 /* TestFileDownload.app */;
			productType = "com.apple.product-type.application";
		};
/* End PBXNativeTarget section */

/* Begin PBXProject section */
		4F4758101F4573A8000550F9 /* Project object */ = {
			isa = PBXProject;
			attributes = {
				LastSwiftUpdateCheck = 0830;
				LastUpgradeCheck = 0830;
				ORGANIZATIONNAME = CuriousIT;
				TargetAttributes = {
					4F4758171F4573A8000550F9 = {
						CreatedOnToolsVersion = 8.3.3;
						DevelopmentTeam = AMG5752JL7;
						ProvisioningStyle = Automatic;
					};
				};
			};
			buildConfigurationList = 4F4758131F4573A8000550F9 /* Build configuration list for PBXProject "TestFileDownload" */;
			compatibilityVersion = "Xcode 3.2";
			developmentRegion = English;
			hasScannedForEncodings = 0;
			knownRegions = (
				en,
				Base,
			);
			mainGroup = 4F47580F1F4573A8000550F9;
			productRefGroup = 4F4758191F4573A8000550F9 /* Products */;
			projectDirPath = "";
			projectRoot = "";
			targets = (
				4F4758171F4573A8000550F9 /* TestFileDownload */,
			);
		};
/* End PBXProject section */

/* Begin PBXResourcesBuildPhase section */
		4F4758161F4573A8000550F9 /* Resources */ = {
			isa = PBXResourcesBuildPhase;
			buildActionMask = 2147483647;
			files = (
				4F4758261F4573A8000550F9 /* LaunchScreen.storyboard in Resources */,
				4F4758231F4573A8000550F9 /* Assets.xcassets in Resources */,
				4F4758211F4573A8000550F9 /* Main.storyboard in Resources */,
			);
			runOnlyForDeploymentPostprocessing = 0;
		};
/* End PBXResourcesBuildPhase section */

/* Begin PBXSourcesBuildPhase section */
		4F4758141F4573A8000550F9 /* Sources */ = {
			isa = PBXSourcesBuildPhase;
			buildActionMask = 2147483647;
			files = (
				4F47581E1F4573A8000550F9 /* ViewController.swift in Sources */,
				4F47581C1F4573A8000550F9 /* AppDelegate.swift in Sources */,
			);
			runOnlyForDeploymentPostprocessing = 0;
		};
/* End PBXSourcesBuildPhase section */

/* Begin PBXVariantGroup section */
		4F47581F1F4573A8000550F9 /* Main.storyboard */ = {
			isa = PBXVariantGroup;
			children = (
				4F4758201F4573A8000550F9 /* Base */,
			);
			name = Main.storyboard;
			sourceTree = "<group>";
		};
		4F4758241F4573A8000550F9 /* LaunchScreen.storyboard */ = {
			isa = PBXVariantGroup;
			children = (
				4F4758251F4573A8000550F9 /* Base */,
			);
			name = LaunchScreen.storyboard;
			sourceTree = "<group>";
		};
/* End PBXVariantGroup section */

/* Begin XCBuildConfiguration section */
		4F4758281F4573A8000550F9 /* Debug */ = {
			isa = XCBuildConfiguration;
			buildSettings = {
				ALWAYS_SEARCH_USER_PATHS = NO;
				CLANG_ANALYZER_NONNULL = YES;
				CLANG_ANALYZER_NUMBER_OBJECT_CONVERSION = YES_AGGRESSIVE;
				CLANG_CXX_LANGUAGE_STANDARD = "gnu++0x";
				CLANG_CXX_LIBRARY = "libc++";
				CLANG_ENABLE_MODULES = YES;
				CLANG_ENABLE_OBJC_ARC = YES;
				CLANG_WARN_BOOL_CONVERSION = YES;
				CLANG_WARN_CONSTANT_CONVERSION = YES;
				CLANG_WARN_DIRECT_OBJC_ISA_USAGE = YES_ERROR;
				CLANG_WARN_DOCUMENTATION_COMMENTS = YES;
				CLANG_WARN_EMPTY_BODY = YES;
				CLANG_WARN_ENUM_CONVERSION = YES;
				CLANG_WARN_INFINITE_RECURSION = YES;
				CLANG_WARN_INT_CONVERSION = YES;
				CLANG_WARN_OBJC_ROOT_CLASS = YES_ERROR;
				CLANG_WARN_SUSPICIOUS_MOVE = YES;
				CLANG_WARN_UNREACHABLE_CODE = YES;
				CLANG_WARN__DUPLICATE_METHOD_MATCH = YES;
				"CODE_SIGN_IDENTITY[sdk=iphoneos*]" = "iPhone Developer";
				COPY_PHASE_STRIP = NO;
				DEBUG_INFORMATION_FORMAT = dwarf;
				ENABLE_STRICT_OBJC_MSGSEND = YES;
				ENABLE_TESTABILITY = YES;
				GCC_C_LANGUAGE_STANDARD = gnu99;
				GCC_DYNAMIC_NO_PIC = NO;
				GCC_NO_COMMON_BLOCKS = YES;
				GCC_OPTIMIZATION_LEVEL = 0;
				GCC_PREPROCESSOR_DEFINITIONS = (
					"DEBUG=1",
					"$(inherited)",
				);
				GCC_WARN_64_TO_32_BIT_CONVERSION = YES;
				GCC_WARN_ABOUT_RETURN_TYPE = YES_ERROR;
				GCC_WARN_UNDECLARED_SELECTOR = YES;
				GCC_WARN_UNINITIALIZED_AUTOS = YES_AGGRESSIVE;
				GCC_WARN_UNUSED_FUNCTION = YES;
				GCC_WARN_UNUSED_VARIABLE = YES;
				IPHONEOS_DEPLOYMENT_TARGET = 10.3;
				MTL_ENABLE_DEBUG_INFO = YES;
				ONLY_ACTIVE_ARCH = YES;
				SDKROOT = iphoneos;
				SWIFT_ACTIVE_COMPILATION_CONDITIONS = DEBUG;
				SWIFT_OPTIMIZATION_LEVEL = "-Onone";
				TARGETED_DEVICE_FAMILY = "1,2";
			};
			name = Debug;
		};
		4F4758291F4573A8000550F9 /* Release */ = {
			isa = XCBuildConfiguration;
			buildSettings = {
				ALWAYS_SEARCH_USER_PATHS = NO;
				CLANG_ANALYZER_NONNULL = YES;
				CLANG_ANALYZER_NUMBER_OBJECT_CONVERSION = YES_AGGRESSIVE;
				CLANG_CXX_LANGUAGE_STANDARD = "gnu++0x";
				CLANG_CXX_LIBRARY = "libc++";
				CLANG_ENABLE_MODULES = YES;
				CLANG_ENABLE_OBJC_ARC = YES;
				CLANG_WARN_BOOL_CONVERSION = YES;
				CLANG_WARN_CONSTANT_CONVERSION = YES;
				CLANG_WARN_DIRECT_OBJC_ISA_USAGE = YES_ERROR;
				CLANG_WARN_DOCUMENTATION_COMMENTS = YES;
				CLANG_WARN_EMPTY_BODY = YES;
				CLANG_WARN_ENUM_CONVERSION = YES;
				CLANG_WARN_INFINITE_RECURSION = YES;
				CLANG_WARN_INT_CONVERSION = YES;
				CLANG_WARN_OBJC_ROOT_CLASS = YES_ERROR;
				CLANG_WARN_SUSPICIOUS_MOVE = YES;
				CLANG_WARN_UNREACHABLE_CODE = YES;
				CLANG_WARN__DUPLICATE_METHOD_MATCH = YES;
				"CODE_SIGN_IDENTITY[sdk=iphoneos*]" = "iPhone Developer";
				COPY_PHASE_STRIP = NO;
				DEBUG_INFORMATION_FORMAT = "dwarf-with-dsym";
				ENABLE_NS_ASSERTIONS = NO;
				ENABLE_STRICT_OBJC_MSGSEND = YES;
				GCC_C_LANGUAGE_STANDARD = gnu99;
				GCC_NO_COMMON_BLOCKS = YES;
				GCC_WARN_64_TO_32_BIT_CONVERSION = YES;
				GCC_WARN_ABOUT_RETURN_TYPE = YES_ERROR;
				GCC_WARN_UNDECLARED_SELECTOR = YES;
				GCC_WARN_UNINITIALIZED_AUTOS = YES_AGGRESSIVE;
				GCC_WARN_UNUSED_FUNCTION = YES;
				GCC_WARN_UNUSED_VARIABLE = YES;
				IPHONEOS_DEPLOYMENT_TARGET = 10.3;
				MTL_ENABLE_DEBUG_INFO = NO;
				SDKROOT = iphoneos;
				SWIFT_OPTIMIZATION_LEVEL = "-Owholemodule";
				TARGETED_DEVICE_FAMILY = "1,2";
				VALIDATE_PRODUCT = YES;
			};
			name = Release;
		};
		4F47582B1F4573A8000550F9 /* Debug */ = {
			isa = XCBuildConfiguration;
			buildSettings = {
				ASSETCATALOG_COMPILER_APPICON_NAME = AppIcon;
				DEVELOPMENT_TEAM = AMG5752JL7;
				INFOPLIST_FILE = TestFileDownload/Info.plist;
				LD_RUNPATH_SEARCH_PATHS = "$(inherited) @executable_path/Frameworks";
				PRODUCT_BUNDLE_IDENTIFIER = eu.curiousit.TestFileDownload;
				PRODUCT_NAME = "$(TARGET_NAME)";
				SWIFT_VERSION = 3.0;
			};
			name = Debug;
		};
		4F47582C1F4573A8000550F9 /* Release */ = {
			isa = XCBuildConfiguration;
			buildSettings = {
				ASSETCATALOG_COMPILER_APPICON_NAME = AppIcon;
				DEVELOPMENT_TEAM = AMG5752JL7;
				INFOPLIST_FILE = TestFileDownload/Info.plist;
				LD_RUNPATH_SEARCH_PATHS = "$(inherited) @executable_path/Frameworks";
				PRODUCT_BUNDLE_IDENTIFIER = eu.curiousit.TestFileDownload;
				PRODUCT_NAME = "$(TARGET_NAME)";
				SWIFT_VERSION = 3.0;
			};
			name = Release;
		};
/* End XCBuildConfiguration section */

/* Begin XCConfigurationList section */
		4F4758131F4573A8000550F9 /* Build configuration list for PBXProject "TestFileDownload" */ = {
			isa = XCConfigurationList;
			buildConfigurations = (
				4F4758281F4573A8000550F9 /* Debug */,
				4F4758291F4573A8000550F9 /* Release */,
			);
			defaultConfigurationIsVisible = 0;
			defaultConfigurationName = Release;
		};
		4F47582A1F4573A8000550F9 /* Build configuration list for PBXNativeTarget "TestFileDownload" */ = {
			isa = XCConfigurationList;
			buildConfigurations = (
				4F47582B1F4573A8000550F9 /* Debug */,
				4F47582C1F4573A8000550F9 /* Release */,
			);
			defaultConfigurationIsVisible = 0;
		};
/* End XCConfigurationList section */
	};
	rootObject = 4F4758101F4573A8000550F9 /* Project object */;
}
